// !$*UTF8*$!
{
	archiveVersion = 1;
	classes = {
	};
	objectVersion = 46;
	objects = {

/* Begin PBXBuildFile section */
		D6522BCE1E4A3A8200B1DB13 /* ConvenienceMethods.swift in Sources */ = {isa = PBXBuildFile; fileRef = D6522BCD1E4A3A8200B1DB13 /* ConvenienceMethods.swift */; };
		D6680B731E47A8AE00EAFB0D /* Alert.swift in Sources */ = {isa = PBXBuildFile; fileRef = D6680B721E47A8AE00EAFB0D /* Alert.swift */; };
		D6AD4F6C1E3183F9001E328E /* AppDelegate.swift in Sources */ = {isa = PBXBuildFile; fileRef = D6AD4F6B1E3183F9001E328E /* AppDelegate.swift */; };
		D6AD4F6E1E3183F9001E328E /* LogInVC.swift in Sources */ = {isa = PBXBuildFile; fileRef = D6AD4F6D1E3183F9001E328E /* LogInVC.swift */; };
		D6AD4F711E3183F9001E328E /* Main.storyboard in Resources */ = {isa = PBXBuildFile; fileRef = D6AD4F6F1E3183F9001E328E /* Main.storyboard */; };
		D6AD4F731E3183F9001E328E /* Assets.xcassets in Resources */ = {isa = PBXBuildFile; fileRef = D6AD4F721E3183F9001E328E /* Assets.xcassets */; };
		D6AD4F761E3183F9001E328E /* LaunchScreen.storyboard in Resources */ = {isa = PBXBuildFile; fileRef = D6AD4F741E3183F9001E328E /* LaunchScreen.storyboard */; };
		D6AD4F811E3183F9001E328E /* On_The_MapTests.swift in Sources */ = {isa = PBXBuildFile; fileRef = D6AD4F801E3183F9001E328E /* On_The_MapTests.swift */; };
		D6AD4F8C1E3183F9001E328E /* On_The_MapUITests.swift in Sources */ = {isa = PBXBuildFile; fileRef = D6AD4F8B1E3183F9001E328E /* On_The_MapUITests.swift */; };
		D6AD4F9A1E318748001E328E /* MapViewController.swift in Sources */ = {isa = PBXBuildFile; fileRef = D6AD4F991E318748001E328E /* MapViewController.swift */; };
		D6AD4F9C1E31875F001E328E /* TableViewController.swift in Sources */ = {isa = PBXBuildFile; fileRef = D6AD4F9B1E31875F001E328E /* TableViewController.swift */; };
		D6AD4F9E1E31878E001E328E /* AddLocationVC.swift in Sources */ = {isa = PBXBuildFile; fileRef = D6AD4F9D1E31878E001E328E /* AddLocationVC.swift */; };
		D6EBAA7B1E42A03700941129 /* showOntheMapVC.swift in Sources */ = {isa = PBXBuildFile; fileRef = D6EBAA7A1E42A03700941129 /* showOntheMapVC.swift */; };
		D6EBAA811E42A21900941129 /* ViewConfiguration.swift in Sources */ = {isa = PBXBuildFile; fileRef = D6EBAA801E42A21900941129 /* ViewConfiguration.swift */; };
		D6EBAA831E42DB7000941129 /* viewControllersConfig.swift in Sources */ = {isa = PBXBuildFile; fileRef = D6EBAA821E42DB7000941129 /* viewControllersConfig.swift */; };
		D6EBAA851E42DC9900941129 /* OnTheMapNetworking.swift in Sources */ = {isa = PBXBuildFile; fileRef = D6EBAA841E42DC9900941129 /* OnTheMapNetworking.swift */; };
		D6EBAA871E42DCBD00941129 /* Constants.swift in Sources */ = {isa = PBXBuildFile; fileRef = D6EBAA861E42DCBD00941129 /* Constants.swift */; };
/* End PBXBuildFile section */

/* Begin PBXContainerItemProxy section */
		D6AD4F7D1E3183F9001E328E /* PBXContainerItemProxy */ = {
			isa = PBXContainerItemProxy;
			containerPortal = D6AD4F601E3183F9001E328E /* Project object */;
			proxyType = 1;
			remoteGlobalIDString = D6AD4F671E3183F9001E328E;
			remoteInfo = "On The Map";
		};
		D6AD4F881E3183F9001E328E /* PBXContainerItemProxy */ = {
			isa = PBXContainerItemProxy;
			containerPortal = D6AD4F601E3183F9001E328E /* Project object */;
			proxyType = 1;
			remoteGlobalIDString = D6AD4F671E3183F9001E328E;
			remoteInfo = "On The Map";
		};
/* End PBXContainerItemProxy section */

/* Begin PBXFileReference section */
		D6522BCD1E4A3A8200B1DB13 /* ConvenienceMethods.swift */ = {isa = PBXFileReference; fileEncoding = 4; lastKnownFileType = sourcecode.swift; path = ConvenienceMethods.swift; sourceTree = "<group>"; };
		D6680B721E47A8AE00EAFB0D /* Alert.swift */ = {isa = PBXFileReference; fileEncoding = 4; lastKnownFileType = sourcecode.swift; path = Alert.swift; sourceTree = "<group>"; };
		D6AD4F681E3183F9001E328E /* On The Map.app */ = {isa = PBXFileReference; explicitFileType = wrapper.application; includeInIndex = 0; path = "On The Map.app"; sourceTree = BUILT_PRODUCTS_DIR; };
		D6AD4F6B1E3183F9001E328E /* AppDelegate.swift */ = {isa = PBXFileReference; lastKnownFileType = sourcecode.swift; path = AppDelegate.swift; sourceTree = "<group>"; };
		D6AD4F6D1E3183F9001E328E /* LogInVC.swift */ = {isa = PBXFileReference; lastKnownFileType = sourcecode.swift; path = LogInVC.swift; sourceTree = "<group>"; };
		D6AD4F701E3183F9001E328E /* Base */ = {isa = PBXFileReference; lastKnownFileType = file.storyboard; name = Base; path = Base.lproj/Main.storyboard; sourceTree = "<group>"; };
		D6AD4F721E3183F9001E328E /* Assets.xcassets */ = {isa = PBXFileReference; lastKnownFileType = folder.assetcatalog; path = Assets.xcassets; sourceTree = "<group>"; };
		D6AD4F751E3183F9001E328E /* Base */ = {isa = PBXFileReference; lastKnownFileType = file.storyboard; name = Base; path = Base.lproj/LaunchScreen.storyboard; sourceTree = "<group>"; };
		D6AD4F771E3183F9001E328E /* Info.plist */ = {isa = PBXFileReference; lastKnownFileType = text.plist.xml; path = Info.plist; sourceTree = "<group>"; };
		D6AD4F7C1E3183F9001E328E /* On The MapTests.xctest */ = {isa = PBXFileReference; explicitFileType = wrapper.cfbundle; includeInIndex = 0; path = "On The MapTests.xctest"; sourceTree = BUILT_PRODUCTS_DIR; };
		D6AD4F801E3183F9001E328E /* On_The_MapTests.swift */ = {isa = PBXFileReference; lastKnownFileType = sourcecode.swift; path = On_The_MapTests.swift; sourceTree = "<group>"; };
		D6AD4F821E3183F9001E328E /* Info.plist */ = {isa = PBXFileReference; lastKnownFileType = text.plist.xml; path = Info.plist; sourceTree = "<group>"; };
		D6AD4F871E3183F9001E328E /* On The MapUITests.xctest */ = {isa = PBXFileReference; explicitFileType = wrapper.cfbundle; includeInIndex = 0; path = "On The MapUITests.xctest"; sourceTree = BUILT_PRODUCTS_DIR; };
		D6AD4F8B1E3183F9001E328E /* On_The_MapUITests.swift */ = {isa = PBXFileReference; lastKnownFileType = sourcecode.swift; path = On_The_MapUITests.swift; sourceTree = "<group>"; };
		D6AD4F8D1E3183F9001E328E /* Info.plist */ = {isa = PBXFileReference; lastKnownFileType = text.plist.xml; path = Info.plist; sourceTree = "<group>"; };
		D6AD4F991E318748001E328E /* MapViewController.swift */ = {isa = PBXFileReference; fileEncoding = 4; lastKnownFileType = sourcecode.swift; path = MapViewController.swift; sourceTree = "<group>"; };
		D6AD4F9B1E31875F001E328E /* TableViewController.swift */ = {isa = PBXFileReference; fileEncoding = 4; lastKnownFileType = sourcecode.swift; path = TableViewController.swift; sourceTree = "<group>"; };
		D6AD4F9D1E31878E001E328E /* AddLocationVC.swift */ = {isa = PBXFileReference; fileEncoding = 4; lastKnownFileType = sourcecode.swift; path = AddLocationVC.swift; sourceTree = "<group>"; };
		D6EBAA7A1E42A03700941129 /* showOntheMapVC.swift */ = {isa = PBXFileReference; fileEncoding = 4; lastKnownFileType = sourcecode.swift; path = showOntheMapVC.swift; sourceTree = "<group>"; };
		D6EBAA801E42A21900941129 /* ViewConfiguration.swift */ = {isa = PBXFileReference; fileEncoding = 4; lastKnownFileType = sourcecode.swift; path = ViewConfiguration.swift; sourceTree = "<group>"; };
		D6EBAA821E42DB7000941129 /* viewControllersConfig.swift */ = {isa = PBXFileReference; fileEncoding = 4; lastKnownFileType = sourcecode.swift; path = viewControllersConfig.swift; sourceTree = "<group>"; };
		D6EBAA841E42DC9900941129 /* OnTheMapNetworking.swift */ = {isa = PBXFileReference; fileEncoding = 4; lastKnownFileType = sourcecode.swift; path = OnTheMapNetworking.swift; sourceTree = "<group>"; };
		D6EBAA861E42DCBD00941129 /* Constants.swift */ = {isa = PBXFileReference; fileEncoding = 4; lastKnownFileType = sourcecode.swift; path = Constants.swift; sourceTree = "<group>"; };
/* End PBXFileReference section */

/* Begin PBXFrameworksBuildPhase section */
		D6AD4F651E3183F9001E328E /* Frameworks */ = {
			isa = PBXFrameworksBuildPhase;
			buildActionMask = 2147483647;
			files = (
			);
			runOnlyForDeploymentPostprocessing = 0;
		};
		D6AD4F791E3183F9001E328E /* Frameworks */ = {
			isa = PBXFrameworksBuildPhase;
			buildActionMask = 2147483647;
			files = (
			);
			runOnlyForDeploymentPostprocessing = 0;
		};
		D6AD4F841E3183F9001E328E /* Frameworks */ = {
			isa = PBXFrameworksBuildPhase;
			buildActionMask = 2147483647;
			files = (
			);
			runOnlyForDeploymentPostprocessing = 0;
		};
/* End PBXFrameworksBuildPhase section */

/* Begin PBXGroup section */
		D6AD4F5F1E3183F9001E328E = {
			isa = PBXGroup;
			children = (
				D6AD4F6A1E3183F9001E328E /* On The Map */,
				D6AD4F7F1E3183F9001E328E /* On The MapTests */,
				D6AD4F8A1E3183F9001E328E /* On The MapUITests */,
				D6AD4F691E3183F9001E328E /* Products */,
			);
			sourceTree = "<group>";
		};
		D6AD4F691E3183F9001E328E /* Products */ = {
			isa = PBXGroup;
			children = (
				D6AD4F681E3183F9001E328E /* On The Map.app */,
				D6AD4F7C1E3183F9001E328E /* On The MapTests.xctest */,
				D6AD4F871E3183F9001E328E /* On The MapUITests.xctest */,
			);
			name = Products;
			sourceTree = "<group>";
		};
		D6AD4F6A1E3183F9001E328E /* On The Map */ = {
			isa = PBXGroup;
			children = (
				D6EBAA7F1E42A1C800941129 /* Models */,
				D6EBAA7E1E42A1BA00941129 /* Views */,
				D6EBAA7C1E42A16000941129 /* controllers */,
				D6EBAA7D1E42A17D00941129 /* Supporting files */,
			);
			path = "On The Map";
			sourceTree = "<group>";
		};
		D6AD4F7F1E3183F9001E328E /* On The MapTests */ = {
			isa = PBXGroup;
			children = (
				D6AD4F801E3183F9001E328E /* On_The_MapTests.swift */,
				D6AD4F821E3183F9001E328E /* Info.plist */,
			);
			path = "On The MapTests";
			sourceTree = "<group>";
		};
		D6AD4F8A1E3183F9001E328E /* On The MapUITests */ = {
			isa = PBXGroup;
			children = (
				D6AD4F8B1E3183F9001E328E /* On_The_MapUITests.swift */,
				D6AD4F8D1E3183F9001E328E /* Info.plist */,
			);
			path = "On The MapUITests";
			sourceTree = "<group>";
		};
		D6EBAA7C1E42A16000941129 /* controllers */ = {
			isa = PBXGroup;
			children = (
				D6AD4F6D1E3183F9001E328E /* LogInVC.swift */,
				D6AD4F991E318748001E328E /* MapViewController.swift */,
				D6AD4F9B1E31875F001E328E /* TableViewController.swift */,
				D6AD4F9D1E31878E001E328E /* AddLocationVC.swift */,
				D6EBAA7A1E42A03700941129 /* showOntheMapVC.swift */,
				D6680B721E47A8AE00EAFB0D /* Alert.swift */,
			);
			name = controllers;
			sourceTree = "<group>";
		};
		D6EBAA7D1E42A17D00941129 /* Supporting files */ = {
			isa = PBXGroup;
			children = (
				D6AD4F6B1E3183F9001E328E /* AppDelegate.swift */,
				D6AD4F6F1E3183F9001E328E /* Main.storyboard */,
				D6AD4F721E3183F9001E328E /* Assets.xcassets */,
				D6AD4F741E3183F9001E328E /* LaunchScreen.storyboard */,
				D6AD4F771E3183F9001E328E /* Info.plist */,
			);
			name = "Supporting files";
			sourceTree = "<group>";
		};
		D6EBAA7E1E42A1BA00941129 /* Views */ = {
			isa = PBXGroup;
			children = (
				D6EBAA801E42A21900941129 /* ViewConfiguration.swift */,
				D6EBAA821E42DB7000941129 /* viewControllersConfig.swift */,
			);
			name = Views;
			sourceTree = "<group>";
		};
		D6EBAA7F1E42A1C800941129 /* Models */ = {
			isa = PBXGroup;
			children = (
				D6EBAA841E42DC9900941129 /* OnTheMapNetworking.swift */,
				D6EBAA861E42DCBD00941129 /* Constants.swift */,
				D6522BCD1E4A3A8200B1DB13 /* ConvenienceMethods.swift */,
			);
			name = Models;
			sourceTree = "<group>";
		};
/* End PBXGroup section */

/* Begin PBXNativeTarget section */
		D6AD4F671E3183F9001E328E /* On The Map */ = {
			isa = PBXNativeTarget;
			buildConfigurationList = D6AD4F901E3183F9001E328E /* Build configuration list for PBXNativeTarget "On The Map" */;
			buildPhases = (
				D6AD4F641E3183F9001E328E /* Sources */,
				D6AD4F651E3183F9001E328E /* Frameworks */,
				D6AD4F661E3183F9001E328E /* Resources */,
			);
			buildRules = (
			);
			dependencies = (
			);
			name = "On The Map";
			productName = "On The Map";
			productReference = D6AD4F681E3183F9001E328E /* On The Map.app */;
			productType = "com.apple.product-type.application";
		};
		D6AD4F7B1E3183F9001E328E /* On The MapTests */ = {
			isa = PBXNativeTarget;
			buildConfigurationList = D6AD4F931E3183F9001E328E /* Build configuration list for PBXNativeTarget "On The MapTests" */;
			buildPhases = (
				D6AD4F781E3183F9001E328E /* Sources */,
				D6AD4F791E3183F9001E328E /* Frameworks */,
				D6AD4F7A1E3183F9001E328E /* Resources */,
			);
			buildRules = (
			);
			dependencies = (
				D6AD4F7E1E3183F9001E328E /* PBXTargetDependency */,
			);
			name = "On The MapTests";
			productName = "On The MapTests";
			productReference = D6AD4F7C1E3183F9001E328E /* On The MapTests.xctest */;
			productType = "com.apple.product-type.bundle.unit-test";
		};
		D6AD4F861E3183F9001E328E /* On The MapUITests */ = {
			isa = PBXNativeTarget;
			buildConfigurationList = D6AD4F961E3183F9001E328E /* Build configuration list for PBXNativeTarget "On The MapUITests" */;
			buildPhases = (
				D6AD4F831E3183F9001E328E /* Sources */,
				D6AD4F841E3183F9001E328E /* Frameworks */,
				D6AD4F851E3183F9001E328E /* Resources */,
			);
			buildRules = (
			);
			dependencies = (
				D6AD4F891E3183F9001E328E /* PBXTargetDependency */,
			);
			name = "On The MapUITests";
			productName = "On The MapUITests";
			productReference = D6AD4F871E3183F9001E328E /* On The MapUITests.xctest */;
			productType = "com.apple.product-type.bundle.ui-testing";
		};
/* End PBXNativeTarget section */

/* Begin PBXProject section */
		D6AD4F601E3183F9001E328E /* Project object */ = {
			isa = PBXProject;
			attributes = {
				LastSwiftUpdateCheck = 0820;
				LastUpgradeCheck = 0820;
				ORGANIZATIONNAME = "osmanjan omar";
				TargetAttributes = {
					D6AD4F671E3183F9001E328E = {
						CreatedOnToolsVersion = 8.2.1;
						DevelopmentTeam = 8657AER49Z;
						ProvisioningStyle = Automatic;
					};
					D6AD4F7B1E3183F9001E328E = {
						CreatedOnToolsVersion = 8.2.1;
						DevelopmentTeam = 8657AER49Z;
						ProvisioningStyle = Automatic;
						TestTargetID = D6AD4F671E3183F9001E328E;
					};
					D6AD4F861E3183F9001E328E = {
						CreatedOnToolsVersion = 8.2.1;
						DevelopmentTeam = 8657AER49Z;
						ProvisioningStyle = Automatic;
						TestTargetID = D6AD4F671E3183F9001E328E;
					};
				};
			};
			buildConfigurationList = D6AD4F631E3183F9001E328E /* Build configuration list for PBXProject "On The Map" */;
			compatibilityVersion = "Xcode 3.2";
			developmentRegion = English;
			hasScannedForEncodings = 0;
			knownRegions = (
				en,
				Base,
			);
			mainGroup = D6AD4F5F1E3183F9001E328E;
			productRefGroup = D6AD4F691E3183F9001E328E /* Products */;
			projectDirPath = "";
			projectRoot = "";
			targets = (
				D6AD4F671E3183F9001E328E /* On The Map */,
				D6AD4F7B1E3183F9001E328E /* On The MapTests */,
				D6AD4F861E3183F9001E328E /* On The MapUITests */,
			);
		};
/* End PBXProject section */

/* Begin PBXResourcesBuildPhase section */
		D6AD4F661E3183F9001E328E /* Resources */ = {
			isa = PBXResourcesBuildPhase;
			buildActionMask = 2147483647;
			files = (
				D6AD4F761E3183F9001E328E /* LaunchScreen.storyboard in Resources */,
				D6AD4F731E3183F9001E328E /* Assets.xcassets in Resources */,
				D6AD4F711E3183F9001E328E /* Main.storyboard in Resources */,
			);
			runOnlyForDeploymentPostprocessing = 0;
		};
		D6AD4F7A1E3183F9001E328E /* Resources */ = {
			isa = PBXResourcesBuildPhase;
			buildActionMask = 2147483647;
			files = (
			);
			runOnlyForDeploymentPostprocessing = 0;
		};
		D6AD4F851E3183F9001E328E /* Resources */ = {
			isa = PBXResourcesBuildPhase;
			buildActionMask = 2147483647;
			files = (
			);
			runOnlyForDeploymentPostprocessing = 0;
		};
/* End PBXResourcesBuildPhase section */

/* Begin PBXSourcesBuildPhase section */
		D6AD4F641E3183F9001E328E /* Sources */ = {
			isa = PBXSourcesBuildPhase;
			buildActionMask = 2147483647;
			files = (
				D6AD4F6E1E3183F9001E328E /* LogInVC.swift in Sources */,
				D6EBAA851E42DC9900941129 /* OnTheMapNetworking.swift in Sources */,
				D6AD4F9A1E318748001E328E /* MapViewController.swift in Sources */,
				D6AD4F6C1E3183F9001E328E /* AppDelegate.swift in Sources */,
				D6AD4F9E1E31878E001E328E /* AddLocationVC.swift in Sources */,
				D6EBAA871E42DCBD00941129 /* Constants.swift in Sources */,
				D6AD4F9C1E31875F001E328E /* TableViewController.swift in Sources */,
				D6680B731E47A8AE00EAFB0D /* Alert.swift in Sources */,
				D6522BCE1E4A3A8200B1DB13 /* ConvenienceMethods.swift in Sources */,
				D6EBAA811E42A21900941129 /* ViewConfiguration.swift in Sources */,
				D6EBAA831E42DB7000941129 /* viewControllersConfig.swift in Sources */,
				D6EBAA7B1E42A03700941129 /* showOntheMapVC.swift in Sources */,
			);
			runOnlyForDeploymentPostprocessing = 0;
		};
		D6AD4F781E3183F9001E328E /* Sources */ = {
			isa = PBXSourcesBuildPhase;
			buildActionMask = 2147483647;
			files = (
				D6AD4F811E3183F9001E328E /* On_The_MapTests.swift in Sources */,
			);
			runOnlyForDeploymentPostprocessing = 0;
		};
		D6AD4F831E3183F9001E328E /* Sources */ = {
			isa = PBXSourcesBuildPhase;
			buildActionMask = 2147483647;
			files = (
				D6AD4F8C1E3183F9001E328E /* On_The_MapUITests.swift in Sources */,
			);
			runOnlyForDeploymentPostprocessing = 0;
		};
/* End PBXSourcesBuildPhase section */

/* Begin PBXTargetDependency section */
		D6AD4F7E1E3183F9001E328E /* PBXTargetDependency */ = {
			isa = PBXTargetDependency;
			target = D6AD4F671E3183F9001E328E /* On The Map */;
			targetProxy = D6AD4F7D1E3183F9001E328E /* PBXContainerItemProxy */;
		};
		D6AD4F891E3183F9001E328E /* PBXTargetDependency */ = {
			isa = PBXTargetDependency;
			target = D6AD4F671E3183F9001E328E /* On The Map */;
			targetProxy = D6AD4F881E3183F9001E328E /* PBXContainerItemProxy */;
		};
/* End PBXTargetDependency section */

/* Begin PBXVariantGroup section */
		D6AD4F6F1E3183F9001E328E /* Main.storyboard */ = {
			isa = PBXVariantGroup;
			children = (
				D6AD4F701E3183F9001E328E /* Base */,
			);
			name = Main.storyboard;
			sourceTree = "<group>";
		};
		D6AD4F741E3183F9001E328E /* LaunchScreen.storyboard */ = {
			isa = PBXVariantGroup;
			children = (
				D6AD4F751E3183F9001E328E /* Base */,
			);
			name = LaunchScreen.storyboard;
			sourceTree = "<group>";
		};
/* End PBXVariantGroup section */

/* Begin XCBuildConfiguration section */
		D6AD4F8E1E3183F9001E328E /* Debug */ = {
			isa = XCBuildConfiguration;
			buildSettings = {
				ALWAYS_SEARCH_USER_PATHS = NO;
				CLANG_ANALYZER_NONNULL = YES;
				CLANG_CXX_LANGUAGE_STANDARD = "gnu++0x";
				CLANG_CXX_LIBRARY = "libc++";
				CLANG_ENABLE_MODULES = YES;
				CLANG_ENABLE_OBJC_ARC = YES;
				CLANG_WARN_BOOL_CONVERSION = YES;
				CLANG_WARN_CONSTANT_CONVERSION = YES;
				CLANG_WARN_DIRECT_OBJC_ISA_USAGE = YES_ERROR;
				CLANG_WARN_DOCUMENTATION_COMMENTS = YES;
				CLANG_WARN_EMPTY_BODY = YES;
				CLANG_WARN_ENUM_CONVERSION = YES;
				CLANG_WARN_INFINITE_RECURSION = YES;
				CLANG_WARN_INT_CONVERSION = YES;
				CLANG_WARN_OBJC_ROOT_CLASS = YES_ERROR;
				CLANG_WARN_SUSPICIOUS_MOVE = YES;
				CLANG_WARN_UNREACHABLE_CODE = YES;
				CLANG_WARN__DUPLICATE_METHOD_MATCH = YES;
				"CODE_SIGN_IDENTITY[sdk=iphoneos*]" = "iPhone Developer";
				COPY_PHASE_STRIP = NO;
				DEBUG_INFORMATION_FORMAT = dwarf;
				ENABLE_STRICT_OBJC_MSGSEND = YES;
				ENABLE_TESTABILITY = YES;
				GCC_C_LANGUAGE_STANDARD = gnu99;
				GCC_DYNAMIC_NO_PIC = NO;
				GCC_NO_COMMON_BLOCKS = YES;
				GCC_OPTIMIZATION_LEVEL = 0;
				GCC_PREPROCESSOR_DEFINITIONS = (
					"DEBUG=1",
					"$(inherited)",
				);
				GCC_WARN_64_TO_32_BIT_CONVERSION = YES;
				GCC_WARN_ABOUT_RETURN_TYPE = YES_ERROR;
				GCC_WARN_UNDECLARED_SELECTOR = YES;
				GCC_WARN_UNINITIALIZED_AUTOS = YES_AGGRESSIVE;
				GCC_WARN_UNUSED_FUNCTION = YES;
				GCC_WARN_UNUSED_VARIABLE = YES;
				IPHONEOS_DEPLOYMENT_TARGET = 10.2;
				MTL_ENABLE_DEBUG_INFO = YES;
				ONLY_ACTIVE_ARCH = YES;
				SDKROOT = iphoneos;
				SWIFT_ACTIVE_COMPILATION_CONDITIONS = DEBUG;
				SWIFT_OPTIMIZATION_LEVEL = "-Onone";
				TARGETED_DEVICE_FAMILY = "1,2";
			};
			name = Debug;
		};
		D6AD4F8F1E3183F9001E328E /* Release */ = {
			isa = XCBuildConfiguration;
			buildSettings = {
				ALWAYS_SEARCH_USER_PATHS = NO;
				CLANG_ANALYZER_NONNULL = YES;
				CLANG_CXX_LANGUAGE_STANDARD = "gnu++0x";
				CLANG_CXX_LIBRARY = "libc++";
				CLANG_ENABLE_MODULES = YES;
				CLANG_ENABLE_OBJC_ARC = YES;
				CLANG_WARN_BOOL_CONVERSION = YES;
				CLANG_WARN_CONSTANT_CONVERSION = YES;
				CLANG_WARN_DIRECT_OBJC_ISA_USAGE = YES_ERROR;
				CLANG_WARN_DOCUMENTATION_COMMENTS = YES;
				CLANG_WARN_EMPTY_BODY = YES;
				CLANG_WARN_ENUM_CONVERSION = YES;
				CLANG_WARN_INFINITE_RECURSION = YES;
				CLANG_WARN_INT_CONVERSION = YES;
				CLANG_WARN_OBJC_ROOT_CLASS = YES_ERROR;
				CLANG_WARN_SUSPICIOUS_MOVE = YES;
				CLANG_WARN_UNREACHABLE_CODE = YES;
				CLANG_WARN__DUPLICATE_METHOD_MATCH = YES;
				"CODE_SIGN_IDENTITY[sdk=iphoneos*]" = "iPhone Developer";
				COPY_PHASE_STRIP = NO;
				DEBUG_INFORMATION_FORMAT = "dwarf-with-dsym";
				ENABLE_NS_ASSERTIONS = NO;
				ENABLE_STRICT_OBJC_MSGSEND = YES;
				GCC_C_LANGUAGE_STANDARD = gnu99;
				GCC_NO_COMMON_BLOCKS = YES;
				GCC_WARN_64_TO_32_BIT_CONVERSION = YES;
				GCC_WARN_ABOUT_RETURN_TYPE = YES_ERROR;
				GCC_WARN_UNDECLARED_SELECTOR = YES;
				GCC_WARN_UNINITIALIZED_AUTOS = YES_AGGRESSIVE;
				GCC_WARN_UNUSED_FUNCTION = YES;
				GCC_WARN_UNUSED_VARIABLE = YES;
				IPHONEOS_DEPLOYMENT_TARGET = 10.2;
				MTL_ENABLE_DEBUG_INFO = NO;
				SDKROOT = iphoneos;
				SWIFT_OPTIMIZATION_LEVEL = "-Owholemodule";
				TARGETED_DEVICE_FAMILY = "1,2";
				VALIDATE_PRODUCT = YES;
			};
			name = Release;
		};
		D6AD4F911E3183F9001E328E /* Debug */ = {
			isa = XCBuildConfiguration;
			buildSettings = {
				ASSETCATALOG_COMPILER_APPICON_NAME = AppIcon;
				DEVELOPMENT_TEAM = 8657AER49Z;
				INFOPLIST_FILE = "On The Map/Info.plist";
				LD_RUNPATH_SEARCH_PATHS = "$(inherited) @executable_path/Frameworks";
				PRODUCT_BUNDLE_IDENTIFIER = "gilas.On-The-Map";
				PRODUCT_NAME = "$(TARGET_NAME)";
				SWIFT_VERSION = 3.0;
			};
			name = Debug;
		};
		D6AD4F921E3183F9001E328E /* Release */ = {
			isa = XCBuildConfiguration;
			buildSettings = {
				ASSETCATALOG_COMPILER_APPICON_NAME = AppIcon;
				DEVELOPMENT_TEAM = 8657AER49Z;
				INFOPLIST_FILE = "On The Map/Info.plist";
				LD_RUNPATH_SEARCH_PATHS = "$(inherited) @executable_path/Frameworks";
				PRODUCT_BUNDLE_IDENTIFIER = "gilas.On-The-Map";
				PRODUCT_NAME = "$(TARGET_NAME)";
				SWIFT_VERSION = 3.0;
			};
			name = Release;
		};
		D6AD4F941E3183F9001E328E /* Debug */ = {
			isa = XCBuildConfiguration;
			buildSettings = {
				ALWAYS_EMBED_SWIFT_STANDARD_LIBRARIES = YES;
				BUNDLE_LOADER = "$(TEST_HOST)";
				DEVELOPMENT_TEAM = 8657AER49Z;
				INFOPLIST_FILE = "On The MapTests/Info.plist";
				LD_RUNPATH_SEARCH_PATHS = "$(inherited) @executable_path/Frameworks @loader_path/Frameworks";
				PRODUCT_BUNDLE_IDENTIFIER = "gilas.On-The-MapTests";
				PRODUCT_NAME = "$(TARGET_NAME)";
				SWIFT_VERSION = 3.0;
				TEST_HOST = "$(BUILT_PRODUCTS_DIR)/On The Map.app/On The Map";
			};
			name = Debug;
		};
		D6AD4F951E3183F9001E328E /* Release */ = {
			isa = XCBuildConfiguration;
			buildSettings = {
				ALWAYS_EMBED_SWIFT_STANDARD_LIBRARIES = YES;
				BUNDLE_LOADER = "$(TEST_HOST)";
				DEVELOPMENT_TEAM = 8657AER49Z;
				INFOPLIST_FILE = "On The MapTests/Info.plist";
				LD_RUNPATH_SEARCH_PATHS = "$(inherited) @executable_path/Frameworks @loader_path/Frameworks";
				PRODUCT_BUNDLE_IDENTIFIER = "gilas.On-The-MapTests";
				PRODUCT_NAME = "$(TARGET_NAME)";
				SWIFT_VERSION = 3.0;
				TEST_HOST = "$(BUILT_PRODUCTS_DIR)/On The Map.app/On The Map";
			};
			name = Release;
		};
		D6AD4F971E3183F9001E328E /* Debug */ = {
			isa = XCBuildConfiguration;
			buildSettings = {
				ALWAYS_EMBED_SWIFT_STANDARD_LIBRARIES = YES;
				DEVELOPMENT_TEAM = 8657AER49Z;
				INFOPLIST_FILE = "On The MapUITests/Info.plist";
				LD_RUNPATH_SEARCH_PATHS = "$(inherited) @executable_path/Frameworks @loader_path/Frameworks";
				PRODUCT_BUNDLE_IDENTIFIER = "gilas.On-The-MapUITests";
				PRODUCT_NAME = "$(TARGET_NAME)";
				SWIFT_VERSION = 3.0;
				TEST_TARGET_NAME = "On The Map";
			};
			name = Debug;
		};
		D6AD4F981E3183F9001E328E /* Release */ = {
			isa = XCBuildConfiguration;
			buildSettings = {
				ALWAYS_EMBED_SWIFT_STANDARD_LIBRARIES = YES;
				DEVELOPMENT_TEAM = 8657AER49Z;
				INFOPLIST_FILE = "On The MapUITests/Info.plist";
				LD_RUNPATH_SEARCH_PATHS = "$(inherited) @executable_path/Frameworks @loader_path/Frameworks";
				PRODUCT_BUNDLE_IDENTIFIER = "gilas.On-The-MapUITests";
				PRODUCT_NAME = "$(TARGET_NAME)";
				SWIFT_VERSION = 3.0;
				TEST_TARGET_NAME = "On The Map";
			};
			name = Release;
		};
/* End XCBuildConfiguration section */

/* Begin XCConfigurationList section */
		D6AD4F631E3183F9001E328E /* Build configuration list for PBXProject "On The Map" */ = {
			isa = XCConfigurationList;
			buildConfigurations = (
				D6AD4F8E1E3183F9001E328E /* Debug */,
				D6AD4F8F1E3183F9001E328E /* Release */,
			);
			defaultConfigurationIsVisible = 0;
			defaultConfigurationName = Release;
		};
		D6AD4F901E3183F9001E328E /* Build configuration list for PBXNativeTarget "On The Map" */ = {
			isa = XCConfigurationList;
			buildConfigurations = (
				D6AD4F911E3183F9001E328E /* Debug */,
				D6AD4F921E3183F9001E328E /* Release */,
			);
			defaultConfigurationIsVisible = 0;
			defaultConfigurationName = Release;
		};
		D6AD4F931E3183F9001E328E /* Build configuration list for PBXNativeTarget "On The MapTests" */ = {
			isa = XCConfigurationList;
			buildConfigurations = (
				D6AD4F941E3183F9001E328E /* Debug */,
				D6AD4F951E3183F9001E328E /* Release */,
			);
			defaultConfigurationIsVisible = 0;
			defaultConfigurationName = Release;
		};
		D6AD4F961E3183F9001E328E /* Build configuration list for PBXNativeTarget "On The MapUITests" */ = {
			isa = XCConfigurationList;
			buildConfigurations = (
				D6AD4F971E3183F9001E328E /* Debug */,
				D6AD4F981E3183F9001E328E /* Release */,
			);
			defaultConfigurationIsVisible = 0;
			defaultConfigurationName = Release;
		};
/* End XCConfigurationList section */
	};
	rootObject = D6AD4F601E3183F9001E328E /* Project object */;
}
